// !$*UTF8*$!
{
	archiveVersion = 1;
	classes = {
	};
	objectVersion = 48;
	objects = {

/* Begin PBXBuildFile section */
		ED7AAF03203C1BF600477FDE /* AppDelegate.swift in Sources */ = {isa = PBXBuildFile; fileRef = ED7AAF02203C1BF600477FDE /* AppDelegate.swift */; };
		ED7AAF05203C1BF600477FDE /* TodoListViewController.swift in Sources */ = {isa = PBXBuildFile; fileRef = ED7AAF04203C1BF600477FDE /* TodoListViewController.swift */; };
		ED7AAF08203C1BF600477FDE /* Main.storyboard in Resources */ = {isa = PBXBuildFile; fileRef = ED7AAF06203C1BF600477FDE /* Main.storyboard */; };
		ED7AAF0A203C1BF600477FDE /* Assets.xcassets in Resources */ = {isa = PBXBuildFile; fileRef = ED7AAF09203C1BF600477FDE /* Assets.xcassets */; };
		ED7AAF0D203C1BF600477FDE /* LaunchScreen.storyboard in Resources */ = {isa = PBXBuildFile; fileRef = ED7AAF0B203C1BF600477FDE /* LaunchScreen.storyboard */; };
		ED7AAF21203DC61B00477FDE /* Item.swift in Sources */ = {isa = PBXBuildFile; fileRef = ED7AAF20203DC61B00477FDE /* Item.swift */; };
/* End PBXBuildFile section */

/* Begin PBXFileReference section */
		ED7AAEFF203C1BF600477FDE /* Todoey.app */ = {isa = PBXFileReference; explicitFileType = wrapper.application; includeInIndex = 0; path = Todoey.app; sourceTree = BUILT_PRODUCTS_DIR; };
		ED7AAF02203C1BF600477FDE /* AppDelegate.swift */ = {isa = PBXFileReference; lastKnownFileType = sourcecode.swift; path = AppDelegate.swift; sourceTree = "<group>"; };
		ED7AAF04203C1BF600477FDE /* TodoListViewController.swift */ = {isa = PBXFileReference; lastKnownFileType = sourcecode.swift; path = TodoListViewController.swift; sourceTree = "<group>"; };
		ED7AAF07203C1BF600477FDE /* Base */ = {isa = PBXFileReference; lastKnownFileType = file.storyboard; name = Base; path = Base.lproj/Main.storyboard; sourceTree = "<group>"; };
		ED7AAF09203C1BF600477FDE /* Assets.xcassets */ = {isa = PBXFileReference; lastKnownFileType = folder.assetcatalog; path = Assets.xcassets; sourceTree = "<group>"; };
		ED7AAF0C203C1BF600477FDE /* Base */ = {isa = PBXFileReference; lastKnownFileType = file.storyboard; name = Base; path = Base.lproj/LaunchScreen.storyboard; sourceTree = "<group>"; };
		ED7AAF0E203C1BF600477FDE /* Info.plist */ = {isa = PBXFileReference; lastKnownFileType = text.plist.xml; path = Info.plist; sourceTree = "<group>"; };
		ED7AAF20203DC61B00477FDE /* Item.swift */ = {isa = PBXFileReference; lastKnownFileType = sourcecode.swift; path = Item.swift; sourceTree = "<group>"; };
/* End PBXFileReference section */

/* Begin PBXFrameworksBuildPhase section */
		ED7AAEFC203C1BF600477FDE /* Frameworks */ = {
			isa = PBXFrameworksBuildPhase;
			buildActionMask = 2147483647;
			files = (
			);
			runOnlyForDeploymentPostprocessing = 0;
		};
/* End PBXFrameworksBuildPhase section */

/* Begin PBXGroup section */
		ED7AAEF6203C1BF600477FDE = {
			isa = PBXGroup;
			children = (
				ED7AAF01203C1BF600477FDE /* Todoey */,
				ED7AAF00203C1BF600477FDE /* Products */,
			);
			sourceTree = "<group>";
		};
		ED7AAF00203C1BF600477FDE /* Products */ = {
			isa = PBXGroup;
			children = (
				ED7AAEFF203C1BF600477FDE /* Todoey.app */,
			);
			name = Products;
			sourceTree = "<group>";
		};
		ED7AAF01203C1BF600477FDE /* Todoey */ = {
			isa = PBXGroup;
			children = (
				ED7AAF1F203DC55000477FDE /* Supporting Files */,
				ED7AAF1E203DC53C00477FDE /* Views */,
				ED7AAF1D203DC52500477FDE /* Controllers */,
				ED7AAF1C203DC4EC00477FDE /* Data Model */,
				ED7AAF02203C1BF600477FDE /* AppDelegate.swift */,
				ED7AAF0E203C1BF600477FDE /* Info.plist */,
			);
			path = Todoey;
			sourceTree = "<group>";
		};
		ED7AAF1C203DC4EC00477FDE /* Data Model */ = {
			isa = PBXGroup;
			children = (
				ED7AAF20203DC61B00477FDE /* Item.swift */,
			);
			name = "Data Model";
			path = "New Group";
			sourceTree = "<group>";
		};
		ED7AAF1D203DC52500477FDE /* Controllers */ = {
			isa = PBXGroup;
			children = (
				ED7AAF04203C1BF600477FDE /* TodoListViewController.swift */,
			);
			name = Controllers;
			path = "New Group1";
			sourceTree = "<group>";
		};
		ED7AAF1E203DC53C00477FDE /* Views */ = {
			isa = PBXGroup;
			children = (
				ED7AAF06203C1BF600477FDE /* Main.storyboard */,
			);
			name = Views;
			path = "New Group2";
			sourceTree = "<group>";
		};
		ED7AAF1F203DC55000477FDE /* Supporting Files */ = {
			isa = PBXGroup;
			children = (
				ED7AAF09203C1BF600477FDE /* Assets.xcassets */,
				ED7AAF0B203C1BF600477FDE /* LaunchScreen.storyboard */,
			);
			name = "Supporting Files";
			path = "New Group3";
			sourceTree = "<group>";
		};
/* End PBXGroup section */

/* Begin PBXNativeTarget section */
		ED7AAEFE203C1BF600477FDE /* Todoey */ = {
			isa = PBXNativeTarget;
			buildConfigurationList = ED7AAF11203C1BF600477FDE /* Build configuration list for PBXNativeTarget "Todoey" */;
			buildPhases = (
				ED7AAEFB203C1BF600477FDE /* Sources */,
				ED7AAEFC203C1BF600477FDE /* Frameworks */,
				ED7AAEFD203C1BF600477FDE /* Resources */,
			);
			buildRules = (
			);
			dependencies = (
			);
			name = Todoey;
			productName = Todoey;
			productReference = ED7AAEFF203C1BF600477FDE /* Todoey.app */;
			productType = "com.apple.product-type.application";
		};
/* End PBXNativeTarget section */

/* Begin PBXProject section */
		ED7AAEF7203C1BF600477FDE /* Project object */ = {
			isa = PBXProject;
			attributes = {
				LastSwiftUpdateCheck = 0920;
				LastUpgradeCheck = 0920;
				ORGANIZATIONNAME = "Rajagopal Srinivasan";
				TargetAttributes = {
					ED7AAEFE203C1BF600477FDE = {
						CreatedOnToolsVersion = 9.2;
						ProvisioningStyle = Automatic;
					};
				};
			};
			buildConfigurationList = ED7AAEFA203C1BF600477FDE /* Build configuration list for PBXProject "Todoey" */;
			compatibilityVersion = "Xcode 8.0";
			developmentRegion = en;
			hasScannedForEncodings = 0;
			knownRegions = (
				en,
				Base,
			);
			mainGroup = ED7AAEF6203C1BF600477FDE;
			productRefGroup = ED7AAF00203C1BF600477FDE /* Products */;
			projectDirPath = "";
			projectRoot = "";
			targets = (
				ED7AAEFE203C1BF600477FDE /* Todoey */,
			);
		};
/* End PBXProject section */

/* Begin PBXResourcesBuildPhase section */
		ED7AAEFD203C1BF600477FDE /* Resources */ = {
			isa = PBXResourcesBuildPhase;
			buildActionMask = 2147483647;
			files = (
				ED7AAF0D203C1BF600477FDE /* LaunchScreen.storyboard in Resources */,
				ED7AAF0A203C1BF600477FDE /* Assets.xcassets in Resources */,
				ED7AAF08203C1BF600477FDE /* Main.storyboard in Resources */,
			);
			runOnlyForDeploymentPostprocessing = 0;
		};
/* End PBXResourcesBuildPhase section */

/* Begin PBXSourcesBuildPhase section */
		ED7AAEFB203C1BF600477FDE /* Sources */ = {
			isa = PBXSourcesBuildPhase;
			buildActionMask = 2147483647;
			files = (
				ED7AAF05203C1BF600477FDE /* TodoListViewController.swift in Sources */,
				ED7AAF21203DC61B00477FDE /* Item.swift in Sources */,
				ED7AAF03203C1BF600477FDE /* AppDelegate.swift in Sources */,
			);
			runOnlyForDeploymentPostprocessing = 0;
		};
/* End PBXSourcesBuildPhase section */

/* Begin PBXVariantGroup section */
		ED7AAF06203C1BF600477FDE /* Main.storyboard */ = {
			isa = PBXVariantGroup;
			children = (
				ED7AAF07203C1BF600477FDE /* Base */,
			);
			name = Main.storyboard;
			sourceTree = "<group>";
		};
		ED7AAF0B203C1BF600477FDE /* LaunchScreen.storyboard */ = {
			isa = PBXVariantGroup;
			children = (
				ED7AAF0C203C1BF600477FDE /* Base */,
			);
			name = LaunchScreen.storyboard;
			sourceTree = "<group>";
		};
/* End PBXVariantGroup section */

/* Begin XCBuildConfiguration section */
		ED7AAF0F203C1BF600477FDE /* Debug */ = {
			isa = XCBuildConfiguration;
			buildSettings = {
				ALWAYS_SEARCH_USER_PATHS = NO;
				CLANG_ANALYZER_NONNULL = YES;
				CLANG_ANALYZER_NUMBER_OBJECT_CONVERSION = YES_AGGRESSIVE;
				CLANG_CXX_LANGUAGE_STANDARD = "gnu++14";
				CLANG_CXX_LIBRARY = "libc++";
				CLANG_ENABLE_MODULES = YES;
				CLANG_ENABLE_OBJC_ARC = YES;
				CLANG_WARN_BLOCK_CAPTURE_AUTORELEASING = YES;
				CLANG_WARN_BOOL_CONVERSION = YES;
				CLANG_WARN_COMMA = YES;
				CLANG_WARN_CONSTANT_CONVERSION = YES;
				CLANG_WARN_DIRECT_OBJC_ISA_USAGE = YES_ERROR;
				CLANG_WARN_DOCUMENTATION_COMMENTS = YES;
				CLANG_WARN_EMPTY_BODY = YES;
				CLANG_WARN_ENUM_CONVERSION = YES;
				CLANG_WARN_INFINITE_RECURSION = YES;
				CLANG_WARN_INT_CONVERSION = YES;
				CLANG_WARN_NON_LITERAL_NULL_CONVERSION = YES;
				CLANG_WARN_OBJC_LITERAL_CONVERSION = YES;
				CLANG_WARN_OBJC_ROOT_CLASS = YES_ERROR;
				CLANG_WARN_RANGE_LOOP_ANALYSIS = YES;
				CLANG_WARN_STRICT_PROTOTYPES = YES;
				CLANG_WARN_SUSPICIOUS_MOVE = YES;
				CLANG_WARN_UNGUARDED_AVAILABILITY = YES_AGGRESSIVE;
				CLANG_WARN_UNREACHABLE_CODE = YES;
				CLANG_WARN__DUPLICATE_METHOD_MATCH = YES;
				CODE_SIGN_IDENTITY = "iPhone Developer";
				COPY_PHASE_STRIP = NO;
				DEBUG_INFORMATION_FORMAT = dwarf;
				ENABLE_STRICT_OBJC_MSGSEND = YES;
				ENABLE_TESTABILITY = YES;
				GCC_C_LANGUAGE_STANDARD = gnu11;
				GCC_DYNAMIC_NO_PIC = NO;
				GCC_NO_COMMON_BLOCKS = YES;
				GCC_OPTIMIZATION_LEVEL = 0;
				GCC_PREPROCESSOR_DEFINITIONS = (
					"DEBUG=1",
					"$(inherited)",
				);
				GCC_WARN_64_TO_32_BIT_CONVERSION = YES;
				GCC_WARN_ABOUT_RETURN_TYPE = YES_ERROR;
				GCC_WARN_UNDECLARED_SELECTOR = YES;
				GCC_WARN_UNINITIALIZED_AUTOS = YES_AGGRESSIVE;
				GCC_WARN_UNUSED_FUNCTION = YES;
				GCC_WARN_UNUSED_VARIABLE = YES;
				IPHONEOS_DEPLOYMENT_TARGET = 11.2;
				MTL_ENABLE_DEBUG_INFO = YES;
				ONLY_ACTIVE_ARCH = YES;
				SDKROOT = iphoneos;
				SWIFT_ACTIVE_COMPILATION_CONDITIONS = DEBUG;
				SWIFT_OPTIMIZATION_LEVEL = "-Onone";
			};
			name = Debug;
		};
		ED7AAF10203C1BF600477FDE /* Release */ = {
			isa = XCBuildConfiguration;
			buildSettings = {
				ALWAYS_SEARCH_USER_PATHS = NO;
				CLANG_ANALYZER_NONNULL = YES;
				CLANG_ANALYZER_NUMBER_OBJECT_CONVERSION = YES_AGGRESSIVE;
				CLANG_CXX_LANGUAGE_STANDARD = "gnu++14";
				CLANG_CXX_LIBRARY = "libc++";
				CLANG_ENABLE_MODULES = YES;
				CLANG_ENABLE_OBJC_ARC = YES;
				CLANG_WARN_BLOCK_CAPTURE_AUTORELEASING = YES;
				CLANG_WARN_BOOL_CONVERSION = YES;
				CLANG_WARN_COMMA = YES;
				CLANG_WARN_CONSTANT_CONVERSION = YES;
				CLANG_WARN_DIRECT_OBJC_ISA_USAGE = YES_ERROR;
				CLANG_WARN_DOCUMENTATION_COMMENTS = YES;
				CLANG_WARN_EMPTY_BODY = YES;
				CLANG_WARN_ENUM_CONVERSION = YES;
				CLANG_WARN_INFINITE_RECURSION = YES;
				CLANG_WARN_INT_CONVERSION = YES;
				CLANG_WARN_NON_LITERAL_NULL_CONVERSION = YES;
				CLANG_WARN_OBJC_LITERAL_CONVERSION = YES;
				CLANG_WARN_OBJC_ROOT_CLASS = YES_ERROR;
				CLANG_WARN_RANGE_LOOP_ANALYSIS = YES;
				CLANG_WARN_STRICT_PROTOTYPES = YES;
				CLANG_WARN_SUSPICIOUS_MOVE = YES;
				CLANG_WARN_UNGUARDED_AVAILABILITY = YES_AGGRESSIVE;
				CLANG_WARN_UNREACHABLE_CODE = YES;
				CLANG_WARN__DUPLICATE_METHOD_MATCH = YES;
				CODE_SIGN_IDENTITY = "iPhone Developer";
				COPY_PHASE_STRIP = NO;
				DEBUG_INFORMATION_FORMAT = "dwarf-with-dsym";
				ENABLE_NS_ASSERTIONS = NO;
				ENABLE_STRICT_OBJC_MSGSEND = YES;
				GCC_C_LANGUAGE_STANDARD = gnu11;
				GCC_NO_COMMON_BLOCKS = YES;
				GCC_WARN_64_TO_32_BIT_CONVERSION = YES;
				GCC_WARN_ABOUT_RETURN_TYPE = YES_ERROR;
				GCC_WARN_UNDECLARED_SELECTOR = YES;
				GCC_WARN_UNINITIALIZED_AUTOS = YES_AGGRESSIVE;
				GCC_WARN_UNUSED_FUNCTION = YES;
				GCC_WARN_UNUSED_VARIABLE = YES;
				IPHONEOS_DEPLOYMENT_TARGET = 11.2;
				MTL_ENABLE_DEBUG_INFO = NO;
				SDKROOT = iphoneos;
				SWIFT_OPTIMIZATION_LEVEL = "-Owholemodule";
				VALIDATE_PRODUCT = YES;
			};
			name = Release;
		};
		ED7AAF12203C1BF600477FDE /* Debug */ = {
			isa = XCBuildConfiguration;
			buildSettings = {
				ASSETCATALOG_COMPILER_APPICON_NAME = AppIcon;
				CODE_SIGN_STYLE = Automatic;
				DEVELOPMENT_TEAM = 8K462NK3Q9;
				INFOPLIST_FILE = Todoey/Info.plist;
				LD_RUNPATH_SEARCH_PATHS = "$(inherited) @executable_path/Frameworks";
				PRODUCT_BUNDLE_IDENTIFIER = com.rajiosdev.Todoey;
				PRODUCT_NAME = "$(TARGET_NAME)";
				SWIFT_VERSION = 4.0;
				TARGETED_DEVICE_FAMILY = "1,2";
			};
			name = Debug;
		};
		ED7AAF13203C1BF600477FDE /* Release */ = {
			isa = XCBuildConfiguration;
			buildSettings = {
				ASSETCATALOG_COMPILER_APPICON_NAME = AppIcon;
				CODE_SIGN_STYLE = Automatic;
				DEVELOPMENT_TEAM = 8K462NK3Q9;
				INFOPLIST_FILE = Todoey/Info.plist;
				LD_RUNPATH_SEARCH_PATHS = "$(inherited) @executable_path/Frameworks";
				PRODUCT_BUNDLE_IDENTIFIER = com.rajiosdev.Todoey;
				PRODUCT_NAME = "$(TARGET_NAME)";
				SWIFT_VERSION = 4.0;
				TARGETED_DEVICE_FAMILY = "1,2";
			};
			name = Release;
		};
/* End XCBuildConfiguration section */

/* Begin XCConfigurationList section */
		ED7AAEFA203C1BF600477FDE /* Build configuration list for PBXProject "Todoey" */ = {
			isa = XCConfigurationList;
			buildConfigurations = (
				ED7AAF0F203C1BF600477FDE /* Debug */,
				ED7AAF10203C1BF600477FDE /* Release */,
			);
			defaultConfigurationIsVisible = 0;
			defaultConfigurationName = Release;
		};
		ED7AAF11203C1BF600477FDE /* Build configuration list for PBXNativeTarget "Todoey" */ = {
			isa = XCConfigurationList;
			buildConfigurations = (
				ED7AAF12203C1BF600477FDE /* Debug */,
				ED7AAF13203C1BF600477FDE /* Release */,
			);
			defaultConfigurationIsVisible = 0;
			defaultConfigurationName = Release;
		};
/* End XCConfigurationList section */
	};
	rootObject = ED7AAEF7203C1BF600477FDE /* Project object */;
}
